
Microsoft Visual Studio Solution File, Format Version 12.00
# Visual Studio 15
VisualStudioVersion = 15.0.27703.2035
MinimumVisualStudioVersion = 10.0.40219.1
Project("{FAE04EC0-301F-11D3-BF4B-00C04F79EFBC}") = "SweepStakes", "SweepStakes\SweepStakes.csproj", "{ADB576B9-548C-4259-881C-1BF639B0588B}"
EndProject
Global
	GlobalSection(SolutionConfigurationPlatforms) = preSolution
		Debug|Any CPU = Debug|Any CPU
		Release|Any CPU = Release|Any CPU
	EndGlobalSection
	GlobalSection(ProjectConfigurationPlatforms) = postSolution
		{ADB576B9-548C-4259-881C-1BF639B0588B}.Debug|Any CPU.ActiveCfg = Debug|Any CPU
		{ADB576B9-548C-4259-881C-1BF639B0588B}.Debug|Any CPU.Build.0 = Debug|Any CPU
		{ADB576B9-548C-4259-881C-1BF639B0588B}.Release|Any CPU.ActiveCfg = Release|Any CPU
		{ADB576B9-548C-4259-881C-1BF639B0588B}.Release|Any CPU.Build.0 = Release|Any CPU
	EndGlobalSection
	GlobalSection(SolutionProperties) = preSolution
		HideSolutionNode = FALSE
	EndGlobalSection
	GlobalSection(ExtensibilityGlobals) = postSolution
		SolutionGuid = {40EFA55B-BCD4-46A4-B06D-AD4321546C3A}
	EndGlobalSection
EndGlobal
